
Microsoft Visual Studio Solution File, Format Version 12.00
# Visual Studio Version 17
VisualStudioVersion = 17.14.36414.22 d17.14
MinimumVisualStudioVersion = 10.0.40219.1
Project("{FAE04EC0-301F-11D3-BF4B-00C04F79EFBC}") = "OutParameterAssignment26-09-2025", "OutParameterAssignment26-09-2025\OutParameterAssignment26-09-2025.csproj", "{0B78A0AF-6B55-4597-A95B-D9195D58648C}"
EndProject
Global
	GlobalSection(SolutionConfigurationPlatforms) = preSolution
		Debug|Any CPU = Debug|Any CPU
		Release|Any CPU = Release|Any CPU
	EndGlobalSection
	GlobalSection(ProjectConfigurationPlatforms) = postSolution
		{0B78A0AF-6B55-4597-A95B-D9195D58648C}.Debug|Any CPU.ActiveCfg = Debug|Any CPU
		{0B78A0AF-6B55-4597-A95B-D9195D58648C}.Debug|Any CPU.Build.0 = Debug|Any CPU
		{0B78A0AF-6B55-4597-A95B-D9195D58648C}.Release|Any CPU.ActiveCfg = Release|Any CPU
		{0B78A0AF-6B55-4597-A95B-D9195D58648C}.Release|Any CPU.Build.0 = Release|Any CPU
	EndGlobalSection
	GlobalSection(SolutionProperties) = preSolution
		HideSolutionNode = FALSE
	EndGlobalSection
	GlobalSection(ExtensibilityGlobals) = postSolution
		SolutionGuid = {8ECDD0D6-4F4D-4264-B351-E9488204BDB2}
	EndGlobalSection
EndGlobal
